
Microsoft Visual Studio Solution File, Format Version 12.00
# Visual Studio Version 16
VisualStudioVersion = 16.0.29519.87
MinimumVisualStudioVersion = 10.0.40219.1
Project("{FAE04EC0-301F-11D3-BF4B-00C04F79EFBC}") = "DartsUI", "DartsUI\DartsUI.csproj", "{6546820A-666E-4374-A490-6A6EF738F6E7}"
EndProject
Global
	GlobalSection(SolutionConfigurationPlatforms) = preSolution
		Debug|Any CPU = Debug|Any CPU
		Release|Any CPU = Release|Any CPU
	EndGlobalSection
	GlobalSection(ProjectConfigurationPlatforms) = postSolution
		{6546820A-666E-4374-A490-6A6EF738F6E7}.Debug|Any CPU.ActiveCfg = Debug|Any CPU
		{6546820A-666E-4374-A490-6A6EF738F6E7}.Debug|Any CPU.Build.0 = Debug|Any CPU
		{6546820A-666E-4374-A490-6A6EF738F6E7}.Release|Any CPU.ActiveCfg = Release|Any CPU
		{6546820A-666E-4374-A490-6A6EF738F6E7}.Release|Any CPU.Build.0 = Release|Any CPU
	EndGlobalSection
	GlobalSection(SolutionProperties) = preSolution
		HideSolutionNode = FALSE
	EndGlobalSection
	GlobalSection(ExtensibilityGlobals) = postSolution
		SolutionGuid = {50D02EF2-7A5C-4D83-9714-384A81928857}
	EndGlobalSection
EndGlobal
